
Microsoft Visual Studio Solution File, Format Version 12.00
# Visual Studio Version 16
VisualStudioVersion = 16.0.29324.140
MinimumVisualStudioVersion = 10.0.40219.1
Project("{8BC9CEB8-8B4A-11D0-8D11-00A0C91BC942}") = "AudioCompression", "ParallelProgrammingLabs\ParallelProgrammingLabs.vcxproj", "{0550664E-5AAD-4AA2-9172-DE64DF1668EC}"
EndProject
Global
	GlobalSection(SolutionConfigurationPlatforms) = preSolution
		Debug|x64 = Debug|x64
		Debug|x86 = Debug|x86
		Release|x64 = Release|x64
		Release|x86 = Release|x86
	EndGlobalSection
	GlobalSection(ProjectConfigurationPlatforms) = postSolution
		{0550664E-5AAD-4AA2-9172-DE64DF1668EC}.Debug|x64.ActiveCfg = Debug|x64
		{0550664E-5AAD-4AA2-9172-DE64DF1668EC}.Debug|x64.Build.0 = Debug|x64
		{0550664E-5AAD-4AA2-9172-DE64DF1668EC}.Debug|x86.ActiveCfg = Debug|Win32
		{0550664E-5AAD-4AA2-9172-DE64DF1668EC}.Debug|x86.Build.0 = Debug|Win32
		{0550664E-5AAD-4AA2-9172-DE64DF1668EC}.Release|x64.ActiveCfg = Release|x64
		{0550664E-5AAD-4AA2-9172-DE64DF1668EC}.Release|x64.Build.0 = Release|x64
		{0550664E-5AAD-4AA2-9172-DE64DF1668EC}.Release|x86.ActiveCfg = Release|Win32
		{0550664E-5AAD-4AA2-9172-DE64DF1668EC}.Release|x86.Build.0 = Release|Win32
	EndGlobalSection
	GlobalSection(SolutionProperties) = preSolution
		HideSolutionNode = FALSE
	EndGlobalSection
	GlobalSection(ExtensibilityGlobals) = postSolution
		SolutionGuid = {9CC0AC06-E323-4945-89F4-E3741848CF55}
	EndGlobalSection
EndGlobal
